
Microsoft Visual Studio Solution File, Format Version 12.00
# Visual Studio Version 16
VisualStudioVersion = 16.0.33027.164
MinimumVisualStudioVersion = 10.0.40219.1
Project("{FAE04EC0-301F-11D3-BF4B-00C04F79EFBC}") = "IronSoftChallange", "IronSoftChallange\IronSoftChallange.csproj", "{742B3C44-91EF-411F-8C18-894A2AD6E28F}"
EndProject
Global
	GlobalSection(SolutionConfigurationPlatforms) = preSolution
		Debug|Any CPU = Debug|Any CPU
		Release|Any CPU = Release|Any CPU
	EndGlobalSection
	GlobalSection(ProjectConfigurationPlatforms) = postSolution
		{742B3C44-91EF-411F-8C18-894A2AD6E28F}.Debug|Any CPU.ActiveCfg = Debug|Any CPU
		{742B3C44-91EF-411F-8C18-894A2AD6E28F}.Debug|Any CPU.Build.0 = Debug|Any CPU
		{742B3C44-91EF-411F-8C18-894A2AD6E28F}.Release|Any CPU.ActiveCfg = Release|Any CPU
		{742B3C44-91EF-411F-8C18-894A2AD6E28F}.Release|Any CPU.Build.0 = Release|Any CPU
	EndGlobalSection
	GlobalSection(SolutionProperties) = preSolution
		HideSolutionNode = FALSE
	EndGlobalSection
	GlobalSection(ExtensibilityGlobals) = postSolution
		SolutionGuid = {A98442A6-7B66-4A98-B69C-BEF9D10E297A}
	EndGlobalSection
EndGlobal
